Microsoft Visual Studio Solution File, Format Version 12.00
# Visual Studio Version 17
VisualStudioVersion = 17.5.2.0
MinimumVisualStudioVersion = 10.0.40219.1
Project("{FAE04EC0-301F-11D3-BF4B-00C04F79EFBC}") = "TrustyTickets", "TrustyTickets.csproj", "{B322E1A9-00F9-8727-F76C-ADE4F6DE2A4F}"
EndProject
Global
	GlobalSection(SolutionConfigurationPlatforms) = preSolution
		Debug|Any CPU = Debug|Any CPU
		Release|Any CPU = Release|Any CPU
	EndGlobalSection
	GlobalSection(ProjectConfigurationPlatforms) = postSolution
		{B322E1A9-00F9-8727-F76C-ADE4F6DE2A4F}.Debug|Any CPU.ActiveCfg = Debug|Any CPU
		{B322E1A9-00F9-8727-F76C-ADE4F6DE2A4F}.Debug|Any CPU.Build.0 = Debug|Any CPU
		{B322E1A9-00F9-8727-F76C-ADE4F6DE2A4F}.Release|Any CPU.ActiveCfg = Release|Any CPU
		{B322E1A9-00F9-8727-F76C-ADE4F6DE2A4F}.Release|Any CPU.Build.0 = Release|Any CPU
	EndGlobalSection
	GlobalSection(SolutionProperties) = preSolution
		HideSolutionNode = FALSE
	EndGlobalSection
	GlobalSection(ExtensibilityGlobals) = postSolution
		SolutionGuid = {09F14BCC-86D2-4653-8DAF-0AC92D18DD1A}
	EndGlobalSection
EndGlobal
